
Microsoft Visual Studio Solution File, Format Version 12.00
# Visual Studio Version 17
VisualStudioVersion = 17.0.31903.59
MinimumVisualStudioVersion = 10.0.40219.1
Project("{FAE04EC0-301F-11D3-BF4B-00C04F79EFBC}") = "SquareEquationLib", "SquareEquationLib\SquareEquationLib.csproj", "{3237F001-E058-4CE5-A5D3-1AAC5072BFC3}"
EndProject
Project("{FAE04EC0-301F-11D3-BF4B-00C04F79EFBC}") = "SquareEquationLib.Tests", "SquareEquationLib.Tests\SquareEquationLib.Tests.csproj", "{000E6DA2-1381-477E-B6E4-7A5298943E7D}"
EndProject
Global
	GlobalSection(SolutionConfigurationPlatforms) = preSolution
		Debug|Any CPU = Debug|Any CPU
		Release|Any CPU = Release|Any CPU
	EndGlobalSection
	GlobalSection(SolutionProperties) = preSolution
		HideSolutionNode = FALSE
	EndGlobalSection
	GlobalSection(ProjectConfigurationPlatforms) = postSolution
		{3237F001-E058-4CE5-A5D3-1AAC5072BFC3}.Debug|Any CPU.ActiveCfg = Debug|Any CPU
		{3237F001-E058-4CE5-A5D3-1AAC5072BFC3}.Debug|Any CPU.Build.0 = Debug|Any CPU
		{3237F001-E058-4CE5-A5D3-1AAC5072BFC3}.Release|Any CPU.ActiveCfg = Release|Any CPU
		{3237F001-E058-4CE5-A5D3-1AAC5072BFC3}.Release|Any CPU.Build.0 = Release|Any CPU
		{000E6DA2-1381-477E-B6E4-7A5298943E7D}.Debug|Any CPU.ActiveCfg = Debug|Any CPU
		{000E6DA2-1381-477E-B6E4-7A5298943E7D}.Debug|Any CPU.Build.0 = Debug|Any CPU
		{000E6DA2-1381-477E-B6E4-7A5298943E7D}.Release|Any CPU.ActiveCfg = Release|Any CPU
		{000E6DA2-1381-477E-B6E4-7A5298943E7D}.Release|Any CPU.Build.0 = Release|Any CPU
	EndGlobalSection
EndGlobal
